
Microsoft Visual Studio Solution File, Format Version 12.00
# Visual Studio Version 16
VisualStudioVersion = 16.0.30011.22
MinimumVisualStudioVersion = 10.0.40219.1
Project("{FAE04EC0-301F-11D3-BF4B-00C04F79EFBC}") = "TelePotter", "TelePotter\TelePotter.csproj", "{C643E8EA-EE0F-11EB-9A03-0242AC130003}"
EndProject
Global
	GlobalSection(SolutionConfigurationPlatforms) = preSolution
		Debug|Any CPU = Debug|Any CPU
		Release|Any CPU = Release|Any CPU
	EndGlobalSection
	GlobalSection(ProjectConfigurationPlatforms) = postSolution
		{C643E8EA-EE0F-11EB-9A03-0242AC130003}.Debug|Any CPU.ActiveCfg = Debug|Any CPU
		{C643E8EA-EE0F-11EB-9A03-0242AC130003}.Debug|Any CPU.Build.0 = Debug|Any CPU
		{C643E8EA-EE0F-11EB-9A03-0242AC130003}.Release|Any CPU.ActiveCfg = Release|Any CPU
		{C643E8EA-EE0F-11EB-9A03-0242AC130003}.Release|Any CPU.Build.0 = Release|Any CPU
	EndGlobalSection
	GlobalSection(SolutionProperties) = preSolution
		HideSolutionNode = FALSE
	EndGlobalSection
	GlobalSection(ExtensibilityGlobals) = postSolution
		SolutionGuid = {4CCCD8FC-4384-4227-8CD9-3AE028912E9F}
	EndGlobalSection
EndGlobal
